// !$*UTF8*$!
{
	archiveVersion = 1;
	classes = {
	};
	objectVersion = 46;
	objects = {

/* Begin PBXBuildFile section */
		E604C7B01C88E07E00D2DBF6 /* AppDelegate.swift in Sources */ = {isa = PBXBuildFile; fileRef = E604C7AF1C88E07E00D2DBF6 /* AppDelegate.swift */; };
		E604C7B21C88E07E00D2DBF6 /* ViewController.swift in Sources */ = {isa = PBXBuildFile; fileRef = E604C7B11C88E07E00D2DBF6 /* ViewController.swift */; };
		E604C7B51C88E07E00D2DBF6 /* Main.storyboard in Resources */ = {isa = PBXBuildFile; fileRef = E604C7B31C88E07E00D2DBF6 /* Main.storyboard */; };
		E604C7B71C88E07E00D2DBF6 /* Assets.xcassets in Resources */ = {isa = PBXBuildFile; fileRef = E604C7B61C88E07E00D2DBF6 /* Assets.xcassets */; };
		E604C7BA1C88E07E00D2DBF6 /* LaunchScreen.storyboard in Resources */ = {isa = PBXBuildFile; fileRef = E604C7B81C88E07E00D2DBF6 /* LaunchScreen.storyboard */; };
/* End PBXBuildFile section */

/* Begin PBXFileReference section */
		E604C7AC1C88E07E00D2DBF6 /* retro-calculator.app */ = {isa = PBXFileReference; explicitFileType = wrapper.application; includeInIndex = 0; path = "retro-calculator.app"; sourceTree = BUILT_PRODUCTS_DIR; };
		E604C7AF1C88E07E00D2DBF6 /* AppDelegate.swift */ = {isa = PBXFileReference; lastKnownFileType = sourcecode.swift; path = AppDelegate.swift; sourceTree = "<group>"; };
		E604C7B11C88E07E00D2DBF6 /* ViewController.swift */ = {isa = PBXFileReference; lastKnownFileType = sourcecode.swift; path = ViewController.swift; sourceTree = "<group>"; };
		E604C7B41C88E07E00D2DBF6 /* Base */ = {isa = PBXFileReference; lastKnownFileType = file.storyboard; name = Base; path = Base.lproj/Main.storyboard; sourceTree = "<group>"; };
		E604C7B61C88E07E00D2DBF6 /* Assets.xcassets */ = {isa = PBXFileReference; lastKnownFileType = folder.assetcatalog; path = Assets.xcassets; sourceTree = "<group>"; };
		E604C7B91C88E07E00D2DBF6 /* Base */ = {isa = PBXFileReference; lastKnownFileType = file.storyboard; name = Base; path = Base.lproj/LaunchScreen.storyboard; sourceTree = "<group>"; };
		E604C7BB1C88E07E00D2DBF6 /* Info.plist */ = {isa = PBXFileReference; lastKnownFileType = text.plist.xml; path = Info.plist; sourceTree = "<group>"; };
/* End PBXFileReference section */

/* Begin PBXFrameworksBuildPhase section */
		E604C7A91C88E07E00D2DBF6 /* Frameworks */ = {
			isa = PBXFrameworksBuildPhase;
			buildActionMask = 2147483647;
			files = (
			);
			runOnlyForDeploymentPostprocessing = 0;
		};
/* End PBXFrameworksBuildPhase section */

/* Begin PBXGroup section */
		E604C7A31C88E07E00D2DBF6 = {
			isa = PBXGroup;
			children = (
				E604C7AE1C88E07E00D2DBF6 /* retro-calculator */,
				E604C7AD1C88E07E00D2DBF6 /* Products */,
			);
			sourceTree = "<group>";
		};
		E604C7AD1C88E07E00D2DBF6 /* Products */ = {
			isa = PBXGroup;
			children = (
				E604C7AC1C88E07E00D2DBF6 /* retro-calculator.app */,
			);
			name = Products;
			sourceTree = "<group>";
		};
		E604C7AE1C88E07E00D2DBF6 /* retro-calculator */ = {
			isa = PBXGroup;
			children = (
				E604C7AF1C88E07E00D2DBF6 /* AppDelegate.swift */,
				E604C7B11C88E07E00D2DBF6 /* ViewController.swift */,
				E604C7B31C88E07E00D2DBF6 /* Main.storyboard */,
				E604C7B61C88E07E00D2DBF6 /* Assets.xcassets */,
				E604C7B81C88E07E00D2DBF6 /* LaunchScreen.storyboard */,
				E604C7BB1C88E07E00D2DBF6 /* Info.plist */,
			);
			path = "retro-calculator";
			sourceTree = "<group>";
		};
/* End PBXGroup section */

/* Begin PBXNativeTarget section */
		E604C7AB1C88E07E00D2DBF6 /* retro-calculator */ = {
			isa = PBXNativeTarget;
			buildConfigurationList = E604C7BE1C88E07E00D2DBF6 /* Build configuration list for PBXNativeTarget "retro-calculator" */;
			buildPhases = (
				E604C7A81C88E07E00D2DBF6 /* Sources */,
				E604C7A91C88E07E00D2DBF6 /* Frameworks */,
				E604C7AA1C88E07E00D2DBF6 /* Resources */,
			);
			buildRules = (
			);
			dependencies = (
			);
			name = "retro-calculator";
			productName = "retro-calculator";
			productReference = E604C7AC1C88E07E00D2DBF6 /* retro-calculator.app */;
			productType = "com.apple.product-type.application";
		};
/* End PBXNativeTarget section */

/* Begin PBXProject section */
		E604C7A41C88E07E00D2DBF6 /* Project object */ = {
			isa = PBXProject;
			attributes = {
				LastSwiftUpdateCheck = 0720;
				LastUpgradeCheck = 0720;
				ORGANIZATIONNAME = "Nikema Prophet";
				TargetAttributes = {
					E604C7AB1C88E07E00D2DBF6 = {
						CreatedOnToolsVersion = 7.2.1;
					};
				};
			};
			buildConfigurationList = E604C7A71C88E07E00D2DBF6 /* Build configuration list for PBXProject "retro-calculator" */;
			compatibilityVersion = "Xcode 3.2";
			developmentRegion = English;
			hasScannedForEncodings = 0;
			knownRegions = (
				en,
				Base,
			);
			mainGroup = E604C7A31C88E07E00D2DBF6;
			productRefGroup = E604C7AD1C88E07E00D2DBF6 /* Products */;
			projectDirPath = "";
			projectRoot = "";
			targets = (
				E604C7AB1C88E07E00D2DBF6 /* retro-calculator */,
			);
		};
/* End PBXProject section */

/* Begin PBXResourcesBuildPhase section */
		E604C7AA1C88E07E00D2DBF6 /* Resources */ = {
			isa = PBXResourcesBuildPhase;
			buildActionMask = 2147483647;
			files = (
				E604C7BA1C88E07E00D2DBF6 /* LaunchScreen.storyboard in Resources */,
				E604C7B71C88E07E00D2DBF6 /* Assets.xcassets in Resources */,
				E604C7B51C88E07E00D2DBF6 /* Main.storyboard in Resources */,
			);
			runOnlyForDeploymentPostprocessing = 0;
		};
/* End PBXResourcesBuildPhase section */

/* Begin PBXSourcesBuildPhase section */
		E604C7A81C88E07E00D2DBF6 /* Sources */ = {
			isa = PBXSourcesBuildPhase;
			buildActionMask = 2147483647;
			files = (
				E604C7B21C88E07E00D2DBF6 /* ViewController.swift in Sources */,
				E604C7B01C88E07E00D2DBF6 /* AppDelegate.swift in Sources */,
			);
			runOnlyForDeploymentPostprocessing = 0;
		};
/* End PBXSourcesBuildPhase section */

/* Begin PBXVariantGroup section */
		E604C7B31C88E07E00D2DBF6 /* Main.storyboard */ = {
			isa = PBXVariantGroup;
			children = (
				E604C7B41C88E07E00D2DBF6 /* Base */,
			);
			name = Main.storyboard;
			sourceTree = "<group>";
		};
		E604C7B81C88E07E00D2DBF6 /* LaunchScreen.storyboard */ = {
			isa = PBXVariantGroup;
			children = (
				E604C7B91C88E07E00D2DBF6 /* Base */,
			);
			name = LaunchScreen.storyboard;
			sourceTree = "<group>";
		};
/* End PBXVariantGroup section */

/* Begin XCBuildConfiguration section */
		E604C7BC1C88E07E00D2DBF6 /* Debug */ = {
			isa = XCBuildConfiguration;
			buildSettings = {
				ALWAYS_SEARCH_USER_PATHS = NO;
				CLANG_CXX_LANGUAGE_STANDARD = "gnu++0x";
				CLANG_CXX_LIBRARY = "libc++";
				CLANG_ENABLE_MODULES = YES;
				CLANG_ENABLE_OBJC_ARC = YES;
				CLANG_WARN_BOOL_CONVERSION = YES;
				CLANG_WARN_CONSTANT_CONVERSION = YES;
				CLANG_WARN_DIRECT_OBJC_ISA_USAGE = YES_ERROR;
				CLANG_WARN_EMPTY_BODY = YES;
				CLANG_WARN_ENUM_CONVERSION = YES;
				CLANG_WARN_INT_CONVERSION = YES;
				CLANG_WARN_OBJC_ROOT_CLASS = YES_ERROR;
				CLANG_WARN_UNREACHABLE_CODE = YES;
				CLANG_WARN__DUPLICATE_METHOD_MATCH = YES;
				"CODE_SIGN_IDENTITY[sdk=iphoneos*]" = "iPhone Developer";
				COPY_PHASE_STRIP = NO;
				DEBUG_INFORMATION_FORMAT = dwarf;
				ENABLE_STRICT_OBJC_MSGSEND = YES;
				ENABLE_TESTABILITY = YES;
				GCC_C_LANGUAGE_STANDARD = gnu99;
				GCC_DYNAMIC_NO_PIC = NO;
				GCC_NO_COMMON_BLOCKS = YES;
				GCC_OPTIMIZATION_LEVEL = 0;
				GCC_PREPROCESSOR_DEFINITIONS = (
					"DEBUG=1",
					"$(inherited)",
				);
				GCC_WARN_64_TO_32_BIT_CONVERSION = YES;
				GCC_WARN_ABOUT_RETURN_TYPE = YES_ERROR;
				GCC_WARN_UNDECLARED_SELECTOR = YES;
				GCC_WARN_UNINITIALIZED_AUTOS = YES_AGGRESSIVE;
				GCC_WARN_UNUSED_FUNCTION = YES;
				GCC_WARN_UNUSED_VARIABLE = YES;
				IPHONEOS_DEPLOYMENT_TARGET = 9.2;
				MTL_ENABLE_DEBUG_INFO = YES;
				ONLY_ACTIVE_ARCH = YES;
				SDKROOT = iphoneos;
				SWIFT_OPTIMIZATION_LEVEL = "-Onone";
			};
			name = Debug;
		};
		E604C7BD1C88E07E00D2DBF6 /* Release */ = {
			isa = XCBuildConfiguration;
			buildSettings = {
				ALWAYS_SEARCH_USER_PATHS = NO;
				CLANG_CXX_LANGUAGE_STANDARD = "gnu++0x";
				CLANG_CXX_LIBRARY = "libc++";
				CLANG_ENABLE_MODULES = YES;
				CLANG_ENABLE_OBJC_ARC = YES;
				CLANG_WARN_BOOL_CONVERSION = YES;
				CLANG_WARN_CONSTANT_CONVERSION = YES;
				CLANG_WARN_DIRECT_OBJC_ISA_USAGE = YES_ERROR;
				CLANG_WARN_EMPTY_BODY = YES;
				CLANG_WARN_ENUM_CONVERSION = YES;
				CLANG_WARN_INT_CONVERSION = YES;
				CLANG_WARN_OBJC_ROOT_CLASS = YES_ERROR;
				CLANG_WARN_UNREACHABLE_CODE = YES;
				CLANG_WARN__DUPLICATE_METHOD_MATCH = YES;
				"CODE_SIGN_IDENTITY[sdk=iphoneos*]" = "iPhone Developer";
				COPY_PHASE_STRIP = NO;
				DEBUG_INFORMATION_FORMAT = "dwarf-with-dsym";
				ENABLE_NS_ASSERTIONS = NO;
				ENABLE_STRICT_OBJC_MSGSEND = YES;
				GCC_C_LANGUAGE_STANDARD = gnu99;
				GCC_NO_COMMON_BLOCKS = YES;
				GCC_WARN_64_TO_32_BIT_CONVERSION = YES;
				GCC_WARN_ABOUT_RETURN_TYPE = YES_ERROR;
				GCC_WARN_UNDECLARED_SELECTOR = YES;
				GCC_WARN_UNINITIALIZED_AUTOS = YES_AGGRESSIVE;
				GCC_WARN_UNUSED_FUNCTION = YES;
				GCC_WARN_UNUSED_VARIABLE = YES;
				IPHONEOS_DEPLOYMENT_TARGET = 9.2;
				MTL_ENABLE_DEBUG_INFO = NO;
				SDKROOT = iphoneos;
				VALIDATE_PRODUCT = YES;
			};
			name = Release;
		};
		E604C7BF1C88E07E00D2DBF6 /* Debug */ = {
			isa = XCBuildConfiguration;
			buildSettings = {
				ASSETCATALOG_COMPILER_APPICON_NAME = AppIcon;
				INFOPLIST_FILE = "retro-calculator/Info.plist";
				LD_RUNPATH_SEARCH_PATHS = "$(inherited) @executable_path/Frameworks";
				PRODUCT_BUNDLE_IDENTIFIER = "com.prophenapps.retro-calculator";
				PRODUCT_NAME = "$(TARGET_NAME)";
			};
			name = Debug;
		};
		E604C7C01C88E07E00D2DBF6 /* Release */ = {
			isa = XCBuildConfiguration;
			buildSettings = {
				ASSETCATALOG_COMPILER_APPICON_NAME = AppIcon;
				INFOPLIST_FILE = "retro-calculator/Info.plist";
				LD_RUNPATH_SEARCH_PATHS = "$(inherited) @executable_path/Frameworks";
				PRODUCT_BUNDLE_IDENTIFIER = "com.prophenapps.retro-calculator";
				PRODUCT_NAME = "$(TARGET_NAME)";
			};
			name = Release;
		};
/* End XCBuildConfiguration section */

/* Begin XCConfigurationList section */
		E604C7A71C88E07E00D2DBF6 /* Build configuration list for PBXProject "retro-calculator" */ = {
			isa = XCConfigurationList;
			buildConfigurations = (
				E604C7BC1C88E07E00D2DBF6 /* Debug */,
				E604C7BD1C88E07E00D2DBF6 /* Release */,
			);
			defaultConfigurationIsVisible = 0;
			defaultConfigurationName = Release;
		};
		E604C7BE1C88E07E00D2DBF6 /* Build configuration list for PBXNativeTarget "retro-calculator" */ = {
			isa = XCConfigurationList;
			buildConfigurations = (
				E604C7BF1C88E07E00D2DBF6 /* Debug */,
				E604C7C01C88E07E00D2DBF6 /* Release */,
			);
			defaultConfigurationIsVisible = 0;
		};
/* End XCConfigurationList section */
	};
	rootObject = E604C7A41C88E07E00D2DBF6 /* Project object */;
}
